
Microsoft Visual Studio Solution File, Format Version 12.00
# Visual Studio Version 17
VisualStudioVersion = 17.10.35122.118
MinimumVisualStudioVersion = 10.0.40219.1
Project("{FAE04EC0-301F-11D3-BF4B-00C04F79EFBC}") = "Scanner", "Scanner\Scanner.csproj", "{261C0AB9-78E3-48CB-B293-A6B3A8CE8674}"
EndProject
Global
	GlobalSection(SolutionConfigurationPlatforms) = preSolution
		Debug|Any CPU = Debug|Any CPU
		Release|Any CPU = Release|Any CPU
	EndGlobalSection
	GlobalSection(ProjectConfigurationPlatforms) = postSolution
		{261C0AB9-78E3-48CB-B293-A6B3A8CE8674}.Debug|Any CPU.ActiveCfg = Debug|Any CPU
		{261C0AB9-78E3-48CB-B293-A6B3A8CE8674}.Debug|Any CPU.Build.0 = Debug|Any CPU
		{261C0AB9-78E3-48CB-B293-A6B3A8CE8674}.Release|Any CPU.ActiveCfg = Release|Any CPU
		{261C0AB9-78E3-48CB-B293-A6B3A8CE8674}.Release|Any CPU.Build.0 = Release|Any CPU
	EndGlobalSection
	GlobalSection(SolutionProperties) = preSolution
		HideSolutionNode = FALSE
	EndGlobalSection
	GlobalSection(ExtensibilityGlobals) = postSolution
		SolutionGuid = {134DB5F5-0563-401F-B6DE-CE22F86B57E7}
	EndGlobalSection
EndGlobal
